{
  "name": "@irgendutils/wp-subdomain-spinup",
  "version": "1.0.0",
  "lockfileVersion": 3,
  "requires": true,
  "packages": {
    "": {
      "name": "@irgendutils/wp-subdomain-spinup",
      "version": "1.0.0",
      "license": "MIT",
      "bin": {
        "spinup": "src/cli.js",
        "wp-subdomain-spinup": "src/cli.js"
      },
      "engines": {
        "node": ">=18.0.0"
      }
    }
  }
}
