{
  "name": "@irgendutils/dependency-update-digest",
  "version": "1.0.0",
  "lockfileVersion": 3,
  "requires": true,
  "packages": {
    "": {
      "name": "@irgendutils/dependency-update-digest",
      "version": "1.0.0",
      "license": "MIT",
      "bin": {
        "depdigest": "src/cli.js"
      },
      "engines": {
        "node": ">=18"
      }
    }
  }
}
