{
  "name": "@irgendutils/wp-charset-collation-checker",
  "version": "1.0.0",
  "lockfileVersion": 3,
  "requires": true,
  "packages": {
    "": {
      "name": "@irgendutils/wp-charset-collation-checker",
      "version": "1.0.0",
      "license": "MIT",
      "bin": {
        "charset": "src/cli.js"
      },
      "engines": {
        "node": ">=18"
      }
    }
  }
}
